
Microsoft Visual Studio Solution File, Format Version 12.00
# Visual Studio Version 17
VisualStudioVersion = 17.14.36511.14 d17.14
MinimumVisualStudioVersion = 10.0.40219.1
Project("{FAE04EC0-301F-11D3-BF4B-00C04F79EFBC}") = "ToDoList(Remake)", "ToDoList(Remake)\ToDoList(Remake).csproj", "{AB45A1B7-3265-48D4-AC7C-877B69277CDC}"
EndProject
Global
	GlobalSection(SolutionConfigurationPlatforms) = preSolution
		Debug|Any CPU = Debug|Any CPU
		Release|Any CPU = Release|Any CPU
	EndGlobalSection
	GlobalSection(ProjectConfigurationPlatforms) = postSolution
		{AB45A1B7-3265-48D4-AC7C-877B69277CDC}.Debug|Any CPU.ActiveCfg = Debug|Any CPU
		{AB45A1B7-3265-48D4-AC7C-877B69277CDC}.Debug|Any CPU.Build.0 = Debug|Any CPU
		{AB45A1B7-3265-48D4-AC7C-877B69277CDC}.Release|Any CPU.ActiveCfg = Release|Any CPU
		{AB45A1B7-3265-48D4-AC7C-877B69277CDC}.Release|Any CPU.Build.0 = Release|Any CPU
	EndGlobalSection
	GlobalSection(SolutionProperties) = preSolution
		HideSolutionNode = FALSE
	EndGlobalSection
	GlobalSection(ExtensibilityGlobals) = postSolution
		SolutionGuid = {9366BD56-11DF-4B95-86CF-173893EFBDF1}
	EndGlobalSection
EndGlobal
